
Microsoft Visual Studio Solution File, Format Version 12.00
# Visual Studio Version 17
VisualStudioVersion = 17.13.35931.197 d17.13
MinimumVisualStudioVersion = 10.0.40219.1
Project("{FAE04EC0-301F-11D3-BF4B-00C04F79EFBC}") = "CLDV6211_ICETask3", "CLDV6211_ICETask3.csproj", "{A3DCF963-8982-4F58-9FB7-CB62ED722547}"
EndProject
Global
	GlobalSection(SolutionConfigurationPlatforms) = preSolution
		Debug|Any CPU = Debug|Any CPU
		Release|Any CPU = Release|Any CPU
	EndGlobalSection
	GlobalSection(ProjectConfigurationPlatforms) = postSolution
		{A3DCF963-8982-4F58-9FB7-CB62ED722547}.Debug|Any CPU.ActiveCfg = Debug|Any CPU
		{A3DCF963-8982-4F58-9FB7-CB62ED722547}.Debug|Any CPU.Build.0 = Debug|Any CPU
		{A3DCF963-8982-4F58-9FB7-CB62ED722547}.Release|Any CPU.ActiveCfg = Release|Any CPU
		{A3DCF963-8982-4F58-9FB7-CB62ED722547}.Release|Any CPU.Build.0 = Release|Any CPU
	EndGlobalSection
	GlobalSection(SolutionProperties) = preSolution
		HideSolutionNode = FALSE
	EndGlobalSection
	GlobalSection(ExtensibilityGlobals) = postSolution
		SolutionGuid = {2D7436C4-536D-4A73-82CA-EEB502E7CF94}
	EndGlobalSection
EndGlobal
